
Microsoft Visual Studio Solution File, Format Version 12.00
# Visual Studio Version 17
VisualStudioVersion = 17.0.31903.59
MinimumVisualStudioVersion = 10.0.40219.1
Project("{2150E333-8FDC-42A3-9474-1A3956D46DE8}") = "src", "src", "{827E0CD3-B72D-47B6-A68D-7590B98EB39B}"
EndProject
Project("{FAE04EC0-301F-11D3-BF4B-00C04F79EFBC}") = "DraftService", "src\DraftService\DraftService.csproj", "{2D733B22-F82C-4B36-8720-B26A3E16D304}"
EndProject
Project("{FAE04EC0-301F-11D3-BF4B-00C04F79EFBC}") = "ProfanityService", "src\ProfanityService\ProfanityService.csproj", "{242C8A1D-0A2A-4B31-B12F-801351A11ACD}"
EndProject
Project("{FAE04EC0-301F-11D3-BF4B-00C04F79EFBC}") = "PublisherService", "src\PublisherService\PublisherService.csproj", "{BFEEA80A-71DC-4F42-B8AA-AA710595A1C1}"
EndProject
Project("{FAE04EC0-301F-11D3-BF4B-00C04F79EFBC}") = "ArticleService", "src\ArticleService\ArticleService.csproj", "{B7CFCFF8-A4C9-4B9D-842E-B9D3EFF43466}"
EndProject
Project("{FAE04EC0-301F-11D3-BF4B-00C04F79EFBC}") = "CommentService", "src\CommentService\CommentService.csproj", "{D0223D7F-2F62-4793-829F-BED41CF984DE}"
EndProject
Project("{FAE04EC0-301F-11D3-BF4B-00C04F79EFBC}") = "SubscriberService", "src\SubscriberService\SubscriberService.csproj", "{541711B7-C128-455C-9596-3888307FECFC}"
EndProject
Project("{FAE04EC0-301F-11D3-BF4B-00C04F79EFBC}") = "NewsletterService", "src\NewsletterService\NewsletterService.csproj", "{98A47B2C-1A24-475A-8470-7EDD124C6F66}"
EndProject
Project("{FAE04EC0-301F-11D3-BF4B-00C04F79EFBC}") = "Shared", "src\Shared\Shared.csproj", "{79CE9072-D374-471C-AFE9-806A8C82216A}"
EndProject
Project("{FAE04EC0-301F-11D3-BF4B-00C04F79EFBC}") = "Testing", "src\Testing\Testing.csproj", "{0C35BE6D-8D7E-4496-A64D-5E04DDEE7EAB}"
EndProject
Global
	GlobalSection(SolutionConfigurationPlatforms) = preSolution
		Debug|Any CPU = Debug|Any CPU
		Debug|x64 = Debug|x64
		Debug|x86 = Debug|x86
		Release|Any CPU = Release|Any CPU
		Release|x64 = Release|x64
		Release|x86 = Release|x86
	EndGlobalSection
	GlobalSection(ProjectConfigurationPlatforms) = postSolution
		{2D733B22-F82C-4B36-8720-B26A3E16D304}.Debug|Any CPU.ActiveCfg = Debug|Any CPU
		{2D733B22-F82C-4B36-8720-B26A3E16D304}.Debug|Any CPU.Build.0 = Debug|Any CPU
		{2D733B22-F82C-4B36-8720-B26A3E16D304}.Debug|x64.ActiveCfg = Debug|Any CPU
		{2D733B22-F82C-4B36-8720-B26A3E16D304}.Debug|x64.Build.0 = Debug|Any CPU
		{2D733B22-F82C-4B36-8720-B26A3E16D304}.Debug|x86.ActiveCfg = Debug|Any CPU
		{2D733B22-F82C-4B36-8720-B26A3E16D304}.Debug|x86.Build.0 = Debug|Any CPU
		{2D733B22-F82C-4B36-8720-B26A3E16D304}.Release|Any CPU.ActiveCfg = Release|Any CPU
		{2D733B22-F82C-4B36-8720-B26A3E16D304}.Release|Any CPU.Build.0 = Release|Any CPU
		{2D733B22-F82C-4B36-8720-B26A3E16D304}.Release|x64.ActiveCfg = Release|Any CPU
		{2D733B22-F82C-4B36-8720-B26A3E16D304}.Release|x64.Build.0 = Release|Any CPU
		{2D733B22-F82C-4B36-8720-B26A3E16D304}.Release|x86.ActiveCfg = Release|Any CPU
		{2D733B22-F82C-4B36-8720-B26A3E16D304}.Release|x86.Build.0 = Release|Any CPU
		{242C8A1D-0A2A-4B31-B12F-801351A11ACD}.Debug|Any CPU.ActiveCfg = Debug|Any CPU
		{242C8A1D-0A2A-4B31-B12F-801351A11ACD}.Debug|Any CPU.Build.0 = Debug|Any CPU
		{242C8A1D-0A2A-4B31-B12F-801351A11ACD}.Debug|x64.ActiveCfg = Debug|Any CPU
		{242C8A1D-0A2A-4B31-B12F-801351A11ACD}.Debug|x64.Build.0 = Debug|Any CPU
		{242C8A1D-0A2A-4B31-B12F-801351A11ACD}.Debug|x86.ActiveCfg = Debug|Any CPU
		{242C8A1D-0A2A-4B31-B12F-801351A11ACD}.Debug|x86.Build.0 = Debug|Any CPU
		{242C8A1D-0A2A-4B31-B12F-801351A11ACD}.Release|Any CPU.ActiveCfg = Release|Any CPU
		{242C8A1D-0A2A-4B31-B12F-801351A11ACD}.Release|Any CPU.Build.0 = Release|Any CPU
		{242C8A1D-0A2A-4B31-B12F-801351A11ACD}.Release|x64.ActiveCfg = Release|Any CPU
		{242C8A1D-0A2A-4B31-B12F-801351A11ACD}.Release|x64.Build.0 = Release|Any CPU
		{242C8A1D-0A2A-4B31-B12F-801351A11ACD}.Release|x86.ActiveCfg = Release|Any CPU
		{242C8A1D-0A2A-4B31-B12F-801351A11ACD}.Release|x86.Build.0 = Release|Any CPU
		{BFEEA80A-71DC-4F42-B8AA-AA710595A1C1}.Debug|Any CPU.ActiveCfg = Debug|Any CPU
		{BFEEA80A-71DC-4F42-B8AA-AA710595A1C1}.Debug|Any CPU.Build.0 = Debug|Any CPU
		{BFEEA80A-71DC-4F42-B8AA-AA710595A1C1}.Debug|x64.ActiveCfg = Debug|Any CPU
		{BFEEA80A-71DC-4F42-B8AA-AA710595A1C1}.Debug|x64.Build.0 = Debug|Any CPU
		{BFEEA80A-71DC-4F42-B8AA-AA710595A1C1}.Debug|x86.ActiveCfg = Debug|Any CPU
		{BFEEA80A-71DC-4F42-B8AA-AA710595A1C1}.Debug|x86.Build.0 = Debug|Any CPU
		{BFEEA80A-71DC-4F42-B8AA-AA710595A1C1}.Release|Any CPU.ActiveCfg = Release|Any CPU
		{BFEEA80A-71DC-4F42-B8AA-AA710595A1C1}.Release|Any CPU.Build.0 = Release|Any CPU
		{BFEEA80A-71DC-4F42-B8AA-AA710595A1C1}.Release|x64.ActiveCfg = Release|Any CPU
		{BFEEA80A-71DC-4F42-B8AA-AA710595A1C1}.Release|x64.Build.0 = Release|Any CPU
		{BFEEA80A-71DC-4F42-B8AA-AA710595A1C1}.Release|x86.ActiveCfg = Release|Any CPU
		{BFEEA80A-71DC-4F42-B8AA-AA710595A1C1}.Release|x86.Build.0 = Release|Any CPU
		{B7CFCFF8-A4C9-4B9D-842E-B9D3EFF43466}.Debug|Any CPU.ActiveCfg = Debug|Any CPU
		{B7CFCFF8-A4C9-4B9D-842E-B9D3EFF43466}.Debug|Any CPU.Build.0 = Debug|Any CPU
		{B7CFCFF8-A4C9-4B9D-842E-B9D3EFF43466}.Debug|x64.ActiveCfg = Debug|Any CPU
		{B7CFCFF8-A4C9-4B9D-842E-B9D3EFF43466}.Debug|x64.Build.0 = Debug|Any CPU
		{B7CFCFF8-A4C9-4B9D-842E-B9D3EFF43466}.Debug|x86.ActiveCfg = Debug|Any CPU
		{B7CFCFF8-A4C9-4B9D-842E-B9D3EFF43466}.Debug|x86.Build.0 = Debug|Any CPU
		{B7CFCFF8-A4C9-4B9D-842E-B9D3EFF43466}.Release|Any CPU.ActiveCfg = Release|Any CPU
		{B7CFCFF8-A4C9-4B9D-842E-B9D3EFF43466}.Release|Any CPU.Build.0 = Release|Any CPU
		{B7CFCFF8-A4C9-4B9D-842E-B9D3EFF43466}.Release|x64.ActiveCfg = Release|Any CPU
		{B7CFCFF8-A4C9-4B9D-842E-B9D3EFF43466}.Release|x64.Build.0 = Release|Any CPU
		{B7CFCFF8-A4C9-4B9D-842E-B9D3EFF43466}.Release|x86.ActiveCfg = Release|Any CPU
		{B7CFCFF8-A4C9-4B9D-842E-B9D3EFF43466}.Release|x86.Build.0 = Release|Any CPU
		{D0223D7F-2F62-4793-829F-BED41CF984DE}.Debug|Any CPU.ActiveCfg = Debug|Any CPU
		{D0223D7F-2F62-4793-829F-BED41CF984DE}.Debug|Any CPU.Build.0 = Debug|Any CPU
		{D0223D7F-2F62-4793-829F-BED41CF984DE}.Debug|x64.ActiveCfg = Debug|Any CPU
		{D0223D7F-2F62-4793-829F-BED41CF984DE}.Debug|x64.Build.0 = Debug|Any CPU
		{D0223D7F-2F62-4793-829F-BED41CF984DE}.Debug|x86.ActiveCfg = Debug|Any CPU
		{D0223D7F-2F62-4793-829F-BED41CF984DE}.Debug|x86.Build.0 = Debug|Any CPU
		{D0223D7F-2F62-4793-829F-BED41CF984DE}.Release|Any CPU.ActiveCfg = Release|Any CPU
		{D0223D7F-2F62-4793-829F-BED41CF984DE}.Release|Any CPU.Build.0 = Release|Any CPU
		{D0223D7F-2F62-4793-829F-BED41CF984DE}.Release|x64.ActiveCfg = Release|Any CPU
		{D0223D7F-2F62-4793-829F-BED41CF984DE}.Release|x64.Build.0 = Release|Any CPU
		{D0223D7F-2F62-4793-829F-BED41CF984DE}.Release|x86.ActiveCfg = Release|Any CPU
		{D0223D7F-2F62-4793-829F-BED41CF984DE}.Release|x86.Build.0 = Release|Any CPU
		{541711B7-C128-455C-9596-3888307FECFC}.Debug|Any CPU.ActiveCfg = Debug|Any CPU
		{541711B7-C128-455C-9596-3888307FECFC}.Debug|Any CPU.Build.0 = Debug|Any CPU
		{541711B7-C128-455C-9596-3888307FECFC}.Debug|x64.ActiveCfg = Debug|Any CPU
		{541711B7-C128-455C-9596-3888307FECFC}.Debug|x64.Build.0 = Debug|Any CPU
		{541711B7-C128-455C-9596-3888307FECFC}.Debug|x86.ActiveCfg = Debug|Any CPU
		{541711B7-C128-455C-9596-3888307FECFC}.Debug|x86.Build.0 = Debug|Any CPU
		{541711B7-C128-455C-9596-3888307FECFC}.Release|Any CPU.ActiveCfg = Release|Any CPU
		{541711B7-C128-455C-9596-3888307FECFC}.Release|Any CPU.Build.0 = Release|Any CPU
		{541711B7-C128-455C-9596-3888307FECFC}.Release|x64.ActiveCfg = Release|Any CPU
		{541711B7-C128-455C-9596-3888307FECFC}.Release|x64.Build.0 = Release|Any CPU
		{541711B7-C128-455C-9596-3888307FECFC}.Release|x86.ActiveCfg = Release|Any CPU
		{541711B7-C128-455C-9596-3888307FECFC}.Release|x86.Build.0 = Release|Any CPU
		{98A47B2C-1A24-475A-8470-7EDD124C6F66}.Debug|Any CPU.ActiveCfg = Debug|Any CPU
		{98A47B2C-1A24-475A-8470-7EDD124C6F66}.Debug|Any CPU.Build.0 = Debug|Any CPU
		{98A47B2C-1A24-475A-8470-7EDD124C6F66}.Debug|x64.ActiveCfg = Debug|Any CPU
		{98A47B2C-1A24-475A-8470-7EDD124C6F66}.Debug|x64.Build.0 = Debug|Any CPU
		{98A47B2C-1A24-475A-8470-7EDD124C6F66}.Debug|x86.ActiveCfg = Debug|Any CPU
		{98A47B2C-1A24-475A-8470-7EDD124C6F66}.Debug|x86.Build.0 = Debug|Any CPU
		{98A47B2C-1A24-475A-8470-7EDD124C6F66}.Release|Any CPU.ActiveCfg = Release|Any CPU
		{98A47B2C-1A24-475A-8470-7EDD124C6F66}.Release|Any CPU.Build.0 = Release|Any CPU
		{98A47B2C-1A24-475A-8470-7EDD124C6F66}.Release|x64.ActiveCfg = Release|Any CPU
		{98A47B2C-1A24-475A-8470-7EDD124C6F66}.Release|x64.Build.0 = Release|Any CPU
		{98A47B2C-1A24-475A-8470-7EDD124C6F66}.Release|x86.ActiveCfg = Release|Any CPU
		{98A47B2C-1A24-475A-8470-7EDD124C6F66}.Release|x86.Build.0 = Release|Any CPU
		{79CE9072-D374-471C-AFE9-806A8C82216A}.Debug|Any CPU.ActiveCfg = Debug|Any CPU
		{79CE9072-D374-471C-AFE9-806A8C82216A}.Debug|Any CPU.Build.0 = Debug|Any CPU
		{79CE9072-D374-471C-AFE9-806A8C82216A}.Debug|x64.ActiveCfg = Debug|Any CPU
		{79CE9072-D374-471C-AFE9-806A8C82216A}.Debug|x64.Build.0 = Debug|Any CPU
		{79CE9072-D374-471C-AFE9-806A8C82216A}.Debug|x86.ActiveCfg = Debug|Any CPU
		{79CE9072-D374-471C-AFE9-806A8C82216A}.Debug|x86.Build.0 = Debug|Any CPU
		{79CE9072-D374-471C-AFE9-806A8C82216A}.Release|Any CPU.ActiveCfg = Release|Any CPU
		{79CE9072-D374-471C-AFE9-806A8C82216A}.Release|Any CPU.Build.0 = Release|Any CPU
		{79CE9072-D374-471C-AFE9-806A8C82216A}.Release|x64.ActiveCfg = Release|Any CPU
		{79CE9072-D374-471C-AFE9-806A8C82216A}.Release|x64.Build.0 = Release|Any CPU
		{79CE9072-D374-471C-AFE9-806A8C82216A}.Release|x86.ActiveCfg = Release|Any CPU
		{79CE9072-D374-471C-AFE9-806A8C82216A}.Release|x86.Build.0 = Release|Any CPU
		{0C35BE6D-8D7E-4496-A64D-5E04DDEE7EAB}.Debug|Any CPU.ActiveCfg = Debug|Any CPU
		{0C35BE6D-8D7E-4496-A64D-5E04DDEE7EAB}.Debug|Any CPU.Build.0 = Debug|Any CPU
		{0C35BE6D-8D7E-4496-A64D-5E04DDEE7EAB}.Debug|x64.ActiveCfg = Debug|Any CPU
		{0C35BE6D-8D7E-4496-A64D-5E04DDEE7EAB}.Debug|x64.Build.0 = Debug|Any CPU
		{0C35BE6D-8D7E-4496-A64D-5E04DDEE7EAB}.Debug|x86.ActiveCfg = Debug|Any CPU
		{0C35BE6D-8D7E-4496-A64D-5E04DDEE7EAB}.Debug|x86.Build.0 = Debug|Any CPU
		{0C35BE6D-8D7E-4496-A64D-5E04DDEE7EAB}.Release|Any CPU.ActiveCfg = Release|Any CPU
		{0C35BE6D-8D7E-4496-A64D-5E04DDEE7EAB}.Release|Any CPU.Build.0 = Release|Any CPU
		{0C35BE6D-8D7E-4496-A64D-5E04DDEE7EAB}.Release|x64.ActiveCfg = Release|Any CPU
		{0C35BE6D-8D7E-4496-A64D-5E04DDEE7EAB}.Release|x64.Build.0 = Release|Any CPU
		{0C35BE6D-8D7E-4496-A64D-5E04DDEE7EAB}.Release|x86.ActiveCfg = Release|Any CPU
		{0C35BE6D-8D7E-4496-A64D-5E04DDEE7EAB}.Release|x86.Build.0 = Release|Any CPU
	EndGlobalSection
	GlobalSection(SolutionProperties) = preSolution
		HideSolutionNode = FALSE
	EndGlobalSection
	GlobalSection(NestedProjects) = preSolution
		{2D733B22-F82C-4B36-8720-B26A3E16D304} = {827E0CD3-B72D-47B6-A68D-7590B98EB39B}
		{242C8A1D-0A2A-4B31-B12F-801351A11ACD} = {827E0CD3-B72D-47B6-A68D-7590B98EB39B}
		{BFEEA80A-71DC-4F42-B8AA-AA710595A1C1} = {827E0CD3-B72D-47B6-A68D-7590B98EB39B}
		{B7CFCFF8-A4C9-4B9D-842E-B9D3EFF43466} = {827E0CD3-B72D-47B6-A68D-7590B98EB39B}
		{D0223D7F-2F62-4793-829F-BED41CF984DE} = {827E0CD3-B72D-47B6-A68D-7590B98EB39B}
		{541711B7-C128-455C-9596-3888307FECFC} = {827E0CD3-B72D-47B6-A68D-7590B98EB39B}
		{98A47B2C-1A24-475A-8470-7EDD124C6F66} = {827E0CD3-B72D-47B6-A68D-7590B98EB39B}
		{79CE9072-D374-471C-AFE9-806A8C82216A} = {827E0CD3-B72D-47B6-A68D-7590B98EB39B}
		{0C35BE6D-8D7E-4496-A64D-5E04DDEE7EAB} = {827E0CD3-B72D-47B6-A68D-7590B98EB39B}
	EndGlobalSection
EndGlobal
